
Microsoft Visual Studio Solution File, Format Version 12.00
# Visual Studio Version 16
VisualStudioVersion = 16.0.810.17
MinimumVisualStudioVersion = 10.0.40219.1
Project("{FAE04EC0-301F-11D3-BF4B-00C04F79EFBC}") = "HealthAssessment", "HealthAssessment.csproj", "{145AFFD7-7E6F-44A7-B811-D8D4176B989C}"
EndProject
Global
	GlobalSection(SolutionConfigurationPlatforms) = preSolution
		Debug|Any CPU = Debug|Any CPU
		Release|Any CPU = Release|Any CPU
	EndGlobalSection
	GlobalSection(ProjectConfigurationPlatforms) = postSolution
		{145AFFD7-7E6F-44A7-B811-D8D4176B989C}.Debug|Any CPU.ActiveCfg = Debug|Any CPU
		{145AFFD7-7E6F-44A7-B811-D8D4176B989C}.Debug|Any CPU.Build.0 = Debug|Any CPU
		{145AFFD7-7E6F-44A7-B811-D8D4176B989C}.Release|Any CPU.ActiveCfg = Release|Any CPU
		{145AFFD7-7E6F-44A7-B811-D8D4176B989C}.Release|Any CPU.Build.0 = Release|Any CPU
	EndGlobalSection
	GlobalSection(SolutionProperties) = preSolution
		HideSolutionNode = FALSE
	EndGlobalSection
	GlobalSection(ExtensibilityGlobals) = postSolution
		SolutionGuid = {31B4D7C6-6091-41D1-A16E-21936890A2F0}
	EndGlobalSection
EndGlobal
